{
    "_readme": [
        "This file locks the dependencies of your project to a known state",
        "Read more about it at https://getcomposer.org/doc/01-basic-usage.md#installing-dependencies",
        "This file is @generated automatically"
    ],
    "content-hash": "8ca479f952b13c7c66a13b68719638a6",
    "packages": [
        {
            "name": "closemarketing/wp-plugin-license-manager",
            "version": "1.2.1",
            "source": {
                "type": "git",
                "url": "https://github.com/closemarketing/wp-plugin-license-manager.git",
                "reference": "a3c84ac30e2c7d9b9fd99af29aaca3cfdb155582"
            },
            "dist": {
                "type": "zip",
                "url": "https://api.github.com/repos/closemarketing/wp-plugin-license-manager/zipball/a3c84ac30e2c7d9b9fd99af29aaca3cfdb155582",
                "reference": "a3c84ac30e2c7d9b9fd99af29aaca3cfdb155582",
                "shasum": ""
            },
            "require": {
                "php": ">=7.4"
            },
            "require-dev": {
                "php-stubs/wordpress-stubs": "^6.7",
                "phpcompatibility/phpcompatibility-wp": "*",
                "phpstan/phpstan": "^1.10",
                "szepeviktor/phpstan-wordpress": "^1.3",
                "wp-coding-standards/wpcs": "^3.0",
                "wp-phpunit/wp-phpunit": "^6.3",
                "yoast/phpunit-polyfills": "^1.0"
            },
            "type": "library",
            "autoload": {
                "files": [],
                "psr-4": {
                    "Closemarketing\\WPLicenseManager\\": "src/"
                }
            },
            "notification-url": "https://packagist.org/downloads/",
            "license": [
                "GPL-2.0-or-later"
            ],
            "authors": [
                {
                    "name": "David Perez",
                    "email": "david@closemarketing.es",
                    "homepage": "https://close.marketing",
                    "role": "Developer"
                }
            ],
            "description": "WordPress Plugin License Manager Library - A reusable library for managing WordPress plugin licenses with Enwikuna License Manager",
            "keywords": [
                "enwikuna",
                "license",
                "license-manager",
                "plugin",
                "updates",
                "wordpress"
            ],
            "support": {
                "issues": "https://github.com/closemarketing/wp-plugin-license-manager/issues",
                "source": "https://github.com/closemarketing/wp-plugin-license-manager"
            },
            "time": "2025-12-15T22:18:51+00:00"
        },
        {
            "name": "woocommerce/action-scheduler",
            "version": "3.8.2",
            "source": {
                "type": "git",
                "url": "https://github.com/woocommerce/action-scheduler.git",
                "reference": "2bc91d88fdbc2c07ab899cbb56b983e11e62cf69"
            },
            "dist": {
                "type": "zip",
                "url": "https://api.github.com/repos/woocommerce/action-scheduler/zipball/2bc91d88fdbc2c07ab899cbb56b983e11e62cf69",
                "reference": "2bc91d88fdbc2c07ab899cbb56b983e11e62cf69",
                "shasum": ""
            },
            "require": {
                "php": ">=7.0"
            },
            "require-dev": {
                "phpunit/phpunit": "^7.5",
                "woocommerce/woocommerce-sniffs": "0.1.0",
                "wp-cli/wp-cli": "~2.5.0",
                "yoast/phpunit-polyfills": "^2.0"
            },
            "type": "wordpress-plugin",
            "extra": {
                "scripts-description": {
                    "test": "Run unit tests",
                    "phpcs": "Analyze code against the WordPress coding standards with PHP_CodeSniffer",
                    "phpcbf": "Fix coding standards warnings/errors automatically with PHP Code Beautifier"
                }
            },
            "notification-url": "https://packagist.org/downloads/",
            "license": [
                "GPL-3.0-or-later"
            ],
            "description": "Action Scheduler for WordPress and WooCommerce",
            "homepage": "https://actionscheduler.org/",
            "support": {
                "issues": "https://github.com/woocommerce/action-scheduler/issues",
                "source": "https://github.com/woocommerce/action-scheduler/tree/3.8.2"
            },
            "time": "2024-09-12T23:12:58+00:00"
        }
    ],
    "packages-dev": [],
    "aliases": [],
    "minimum-stability": "stable",
    "stability-flags": [],
    "prefer-stable": false,
    "prefer-lowest": false,
    "platform": [],
    "platform-dev": [],
    "plugin-api-version": "2.3.0"
}
